---
name: Lock

# yamllint disable-line rule:truthy
on:
  schedule:
    - cron: "25 3 * * *"
  workflow_call:
  workflow_dispatch:

permissions:
  issues: write
  pull-requests: write

jobs:
  lock:
    name: 🔒 Lock closed issues and PRs
    runs-on: ubuntu-latest
    steps:
      - uses: dessant/lock-threads@f5f995c727ac99a91dec92781a8e34e7c839a65e  # v6.0.0
        with:
          github-token: ${{ secrets.GITHUB_TOKEN }}
          process-only: "issues, prs"
          issue-inactive-days: "30"
          issue-lock-reason: ""
          pr-inactive-days: "1"
          pr-lock-reason: ""
